{
    "_readme": [
        "This file locks the dependencies of your project to a known state",
        "Read more about it at https://getcomposer.org/doc/01-basic-usage.md#installing-dependencies",
        "This file is @generated automatically"
    ],
    "content-hash": "718d598ca292b7e3bb5f05ddc03bf1f8",
    "packages": [],
    "packages-dev": [
        {
            "name": "composer/xdebug-handler",
            "version": "1.4.3",
            "source": {
                "type": "git",
                "url": "https://github.com/composer/xdebug-handler.git",
                "reference": "ebd27a9866ae8254e873866f795491f02418c5a5"
            },
            "dist": {
                "type": "zip",
                "url": "https://api.github.com/repos/composer/xdebug-handler/zipball/ebd27a9866ae8254e873866f795491f02418c5a5",
                "reference": "ebd27a9866ae8254e873866f795491f02418c5a5",
                "shasum": ""
            },
            "require": {
                "php": "^5.3.2 || ^7.0 || ^8.0",
                "psr/log": "^1.0"
            },
            "require-dev": {
                "phpunit/phpunit": "^4.8.35 || ^5.7 || 6.5 - 8"
            },
            "type": "library",
            "autoload": {
                "psr-4": {
                    "Composer\\XdebugHandler\\": "src"
                }
            },
            "notification-url": "https://packagist.org/downloads/",
            "license": [
                "MIT"
            ],
            "authors": [
                {
                    "name": "John Stevenson",
                    "email": "john-stevenson@blueyonder.co.uk"
                }
            ],
            "description": "Restarts a process without Xdebug.",
            "keywords": [
                "Xdebug",
                "performance"
            ],
            "funding": [
                {
                    "url": "https://packagist.com",
                    "type": "custom"
                },
                {
                    "url": "https://github.com/composer",
                    "type": "github"
                },
                {
                    "url": "https://tidelift.com/funding/github/packagist/composer/composer",
                    "type": "tidelift"
                }
            ],
            "time": "2020-08-19T10:27:58+00:00"
        },
        {
            "name": "lifterlms/lifterlms-cs",
            "version": "dev-master",
            "source": {
                "type": "git",
                "url": "https://github.com/gocodebox/lifterlms-cs.git",
                "reference": "2b2f34c59dad8e0b9d421d16a703fc48b182ceac"
            },
            "dist": {
                "type": "zip",
                "url": "https://api.github.com/repos/gocodebox/lifterlms-cs/zipball/2b2f34c59dad8e0b9d421d16a703fc48b182ceac",
                "reference": "2b2f34c59dad8e0b9d421d16a703fc48b182ceac",
                "shasum": ""
            },
            "require": {
                "php": ">=5.6",
                "phpcompatibility/phpcompatibility-wp": "^2.0.0",
                "phpmd/phpmd": "^2.6.0",
                "squizlabs/php_codesniffer": "^3.3.2",
                "wp-coding-standards/wpcs": "^2.1.1"
            },
            "require-dev": {
                "phpcompatibility/php-compatibility": "^9.0.0",
                "roave/security-advisories": "dev-master"
            },
            "type": "phpcodesniffer-standard",
            "notification-url": "https://packagist.org/downloads/",
            "license": [
                "MIT"
            ],
            "authors": [
                {
                    "name": "Team LifterLMS",
                    "email": "help@lifterlms.com"
                }
            ],
            "description": "PHP_CodeSniffer rules for LifterLMS projects",
            "time": "2020-08-27T22:25:00+00:00"
        },
        {
            "name": "pdepend/pdepend",
            "version": "dev-master",
            "source": {
                "type": "git",
                "url": "https://github.com/pdepend/pdepend.git",
                "reference": "1aece3f7eaa2f378eac31e94366e17da50d6b496"
            },
            "dist": {
                "type": "zip",
                "url": "https://api.github.com/repos/pdepend/pdepend/zipball/1aece3f7eaa2f378eac31e94366e17da50d6b496",
                "reference": "1aece3f7eaa2f378eac31e94366e17da50d6b496",
                "shasum": ""
            },
            "require": {
                "php": ">=5.3.7",
                "symfony/config": "^2.3.0|^3|^4|^5",
                "symfony/dependency-injection": "^2.3.0|^3|^4|^5",
                "symfony/filesystem": "^2.3.0|^3|^4|^5"
            },
            "require-dev": {
                "easy-doc/easy-doc": "0.0.0 || ^1.2.3",
                "gregwar/rst": "^1.0",
                "phpunit/phpunit": "^4.8.35|^5.7",
                "squizlabs/php_codesniffer": "^2.0.0"
            },
            "bin": [
                "src/bin/pdepend"
            ],
            "type": "library",
            "extra": {
                "branch-alias": {
                    "dev-master": "2.x-dev"
                }
            },
            "autoload": {
                "psr-4": {
                    "PDepend\\": "src/main/php/PDepend"
                }
            },
            "notification-url": "https://packagist.org/downloads/",
            "license": [
                "BSD-3-Clause"
            ],
            "description": "Official version of pdepend to be handled with Composer",
            "funding": [
                {
                    "url": "https://tidelift.com/funding/github/packagist/pdepend/pdepend",
                    "type": "tidelift"
                }
            ],
            "time": "2020-08-05T10:45:18+00:00"
        },
        {
            "name": "phpcompatibility/php-compatibility",
            "version": "9.3.5",
            "source": {
                "type": "git",
                "url": "https://github.com/PHPCompatibility/PHPCompatibility.git",
                "reference": "9fb324479acf6f39452e0655d2429cc0d3914243"
            },
            "dist": {
                "type": "zip",
                "url": "https://api.github.com/repos/PHPCompatibility/PHPCompatibility/zipball/9fb324479acf6f39452e0655d2429cc0d3914243",
                "reference": "9fb324479acf6f39452e0655d2429cc0d3914243",
                "shasum": ""
            },
            "require": {
                "php": ">=5.3",
                "squizlabs/php_codesniffer": "^2.3 || ^3.0.2"
            },
            "conflict": {
                "squizlabs/php_codesniffer": "2.6.2"
            },
            "require-dev": {
                "phpunit/phpunit": "~4.5 || ^5.0 || ^6.0 || ^7.0"
            },
            "suggest": {
                "dealerdirect/phpcodesniffer-composer-installer": "^0.5 || This Composer plugin will sort out the PHPCS 'installed_paths' automatically.",
                "roave/security-advisories": "dev-master || Helps prevent installing dependencies with known security issues."
            },
            "type": "phpcodesniffer-standard",
            "notification-url": "https://packagist.org/downloads/",
            "license": [
                "LGPL-3.0-or-later"
            ],
            "authors": [
                {
                    "name": "Wim Godden",
                    "homepage": "https://github.com/wimg",
                    "role": "lead"
                },
                {
                    "name": "Juliette Reinders Folmer",
                    "homepage": "https://github.com/jrfnl",
                    "role": "lead"
                },
                {
                    "name": "Contributors",
                    "homepage": "https://github.com/PHPCompatibility/PHPCompatibility/graphs/contributors"
                }
            ],
            "description": "A set of sniffs for PHP_CodeSniffer that checks for PHP cross-version compatibility.",
            "homepage": "http://techblog.wimgodden.be/tag/codesniffer/",
            "keywords": [
                "compatibility",
                "phpcs",
                "standards"
            ],
            "time": "2019-12-27T09:44:58+00:00"
        },
        {
            "name": "phpcompatibility/phpcompatibility-paragonie",
            "version": "1.3.0",
            "source": {
                "type": "git",
                "url": "https://github.com/PHPCompatibility/PHPCompatibilityParagonie.git",
                "reference": "b862bc32f7e860d0b164b199bd995e690b4b191c"
            },
            "dist": {
                "type": "zip",
                "url": "https://api.github.com/repos/PHPCompatibility/PHPCompatibilityParagonie/zipball/b862bc32f7e860d0b164b199bd995e690b4b191c",
                "reference": "b862bc32f7e860d0b164b199bd995e690b4b191c",
                "shasum": ""
            },
            "require": {
                "phpcompatibility/php-compatibility": "^9.0"
            },
            "require-dev": {
                "dealerdirect/phpcodesniffer-composer-installer": "^0.5",
                "paragonie/random_compat": "dev-master",
                "paragonie/sodium_compat": "dev-master"
            },
            "suggest": {
                "dealerdirect/phpcodesniffer-composer-installer": "^0.5 || This Composer plugin will sort out the PHP_CodeSniffer 'installed_paths' automatically.",
                "roave/security-advisories": "dev-master || Helps prevent installing dependencies with known security issues."
            },
            "type": "phpcodesniffer-standard",
            "notification-url": "https://packagist.org/downloads/",
            "license": [
                "LGPL-3.0-or-later"
            ],
            "authors": [
                {
                    "name": "Wim Godden",
                    "role": "lead"
                },
                {
                    "name": "Juliette Reinders Folmer",
                    "role": "lead"
                }
            ],
            "description": "A set of rulesets for PHP_CodeSniffer to check for PHP cross-version compatibility issues in projects, while accounting for polyfills provided by the Paragonie polyfill libraries.",
            "homepage": "http://phpcompatibility.com/",
            "keywords": [
                "compatibility",
                "paragonie",
                "phpcs",
                "polyfill",
                "standards"
            ],
            "time": "2019-11-04T15:17:54+00:00"
        },
        {
            "name": "phpcompatibility/phpcompatibility-wp",
            "version": "2.1.0",
            "source": {
                "type": "git",
                "url": "https://github.com/PHPCompatibility/PHPCompatibilityWP.git",
                "reference": "41bef18ba688af638b7310666db28e1ea9158b2f"
            },
            "dist": {
                "type": "zip",
                "url": "https://api.github.com/repos/PHPCompatibility/PHPCompatibilityWP/zipball/41bef18ba688af638b7310666db28e1ea9158b2f",
                "reference": "41bef18ba688af638b7310666db28e1ea9158b2f",
                "shasum": ""
            },
            "require": {
                "phpcompatibility/php-compatibility": "^9.0",
                "phpcompatibility/phpcompatibility-paragonie": "^1.0"
            },
            "require-dev": {
                "dealerdirect/phpcodesniffer-composer-installer": "^0.5"
            },
            "suggest": {
                "dealerdirect/phpcodesniffer-composer-installer": "^0.5 || This Composer plugin will sort out the PHP_CodeSniffer 'installed_paths' automatically.",
                "roave/security-advisories": "dev-master || Helps prevent installing dependencies with known security issues."
            },
            "type": "phpcodesniffer-standard",
            "notification-url": "https://packagist.org/downloads/",
            "license": [
                "LGPL-3.0-or-later"
            ],
            "authors": [
                {
                    "name": "Wim Godden",
                    "role": "lead"
                },
                {
                    "name": "Juliette Reinders Folmer",
                    "role": "lead"
                }
            ],
            "description": "A ruleset for PHP_CodeSniffer to check for PHP cross-version compatibility issues in projects, while accounting for polyfills provided by WordPress.",
            "homepage": "http://phpcompatibility.com/",
            "keywords": [
                "compatibility",
                "phpcs",
                "standards",
                "wordpress"
            ],
            "time": "2019-08-28T14:22:28+00:00"
        },
        {
            "name": "phpmd/phpmd",
            "version": "2.9.0",
            "source": {
                "type": "git",
                "url": "https://github.com/phpmd/phpmd.git",
                "reference": "2a346575a45a6f00e631f4d7f3f71b6a05e0d46d"
            },
            "dist": {
                "type": "zip",
                "url": "https://api.github.com/repos/phpmd/phpmd/zipball/2a346575a45a6f00e631f4d7f3f71b6a05e0d46d",
                "reference": "2a346575a45a6f00e631f4d7f3f71b6a05e0d46d",
                "shasum": ""
            },
            "require": {
                "composer/xdebug-handler": "^1.0",
                "ext-xml": "*",
                "pdepend/pdepend": "^2.7.1",
                "php": ">=5.3.9"
            },
            "require-dev": {
                "easy-doc/easy-doc": "0.0.0 || ^1.3.2",
                "ext-json": "*",
                "ext-simplexml": "*",
                "gregwar/rst": "^1.0",
                "mikey179/vfsstream": "^1.6.4",
                "phpunit/phpunit": "^4.8.36 || ^5.7.27",
                "squizlabs/php_codesniffer": "^2.0"
            },
            "bin": [
                "src/bin/phpmd"
            ],
            "type": "library",
            "autoload": {
                "psr-0": {
                    "PHPMD\\": "src/main/php"
                }
            },
            "notification-url": "https://packagist.org/downloads/",
            "license": [
                "BSD-3-Clause"
            ],
            "authors": [
                {
                    "name": "Manuel Pichler",
                    "email": "github@manuel-pichler.de",
                    "homepage": "https://github.com/manuelpichler",
                    "role": "Project Founder"
                },
                {
                    "name": "Marc Würth",
                    "email": "ravage@bluewin.ch",
                    "homepage": "https://github.com/ravage84",
                    "role": "Project Maintainer"
                },
                {
                    "name": "Other contributors",
                    "homepage": "https://github.com/phpmd/phpmd/graphs/contributors",
                    "role": "Contributors"
                }
            ],
            "description": "PHPMD is a spin-off project of PHP Depend and aims to be a PHP equivalent of the well known Java tool PMD.",
            "homepage": "https://phpmd.org/",
            "keywords": [
                "mess detection",
                "mess detector",
                "pdepend",
                "phpmd",
                "pmd"
            ],
            "funding": [
                {
                    "url": "https://tidelift.com/funding/github/packagist/phpmd/phpmd",
                    "type": "tidelift"
                }
            ],
            "time": "2020-09-02T09:12:27+00:00"
        },
        {
            "name": "psr/container",
            "version": "dev-master",
            "source": {
                "type": "git",
                "url": "https://github.com/php-fig/container.git",
                "reference": "fc1bc363ecf887921e3897c7b1dad3587ae154eb"
            },
            "dist": {
                "type": "zip",
                "url": "https://api.github.com/repos/php-fig/container/zipball/fc1bc363ecf887921e3897c7b1dad3587ae154eb",
                "reference": "fc1bc363ecf887921e3897c7b1dad3587ae154eb",
                "shasum": ""
            },
            "require": {
                "php": ">=5.3.0"
            },
            "type": "library",
            "extra": {
                "branch-alias": {
                    "dev-master": "1.0.x-dev"
                }
            },
            "autoload": {
                "psr-4": {
                    "Psr\\Container\\": "src/"
                }
            },
            "notification-url": "https://packagist.org/downloads/",
            "license": [
                "MIT"
            ],
            "authors": [
                {
                    "name": "PHP-FIG",
                    "homepage": "http://www.php-fig.org/"
                }
            ],
            "description": "Common Container Interface (PHP FIG PSR-11)",
            "homepage": "https://github.com/php-fig/container",
            "keywords": [
                "PSR-11",
                "container",
                "container-interface",
                "container-interop",
                "psr"
            ],
            "time": "2019-10-04T14:07:35+00:00"
        },
        {
            "name": "psr/log",
            "version": "dev-master",
            "source": {
                "type": "git",
                "url": "https://github.com/php-fig/log.git",
                "reference": "0f73288fd15629204f9d42b7055f72dacbe811fc"
            },
            "dist": {
                "type": "zip",
                "url": "https://api.github.com/repos/php-fig/log/zipball/0f73288fd15629204f9d42b7055f72dacbe811fc",
                "reference": "0f73288fd15629204f9d42b7055f72dacbe811fc",
                "shasum": ""
            },
            "require": {
                "php": ">=5.3.0"
            },
            "type": "library",
            "extra": {
                "branch-alias": {
                    "dev-master": "1.1.x-dev"
                }
            },
            "autoload": {
                "psr-4": {
                    "Psr\\Log\\": "Psr/Log/"
                }
            },
            "notification-url": "https://packagist.org/downloads/",
            "license": [
                "MIT"
            ],
            "authors": [
                {
                    "name": "PHP-FIG",
                    "homepage": "http://www.php-fig.org/"
                }
            ],
            "description": "Common interface for logging libraries",
            "homepage": "https://github.com/php-fig/log",
            "keywords": [
                "log",
                "psr",
                "psr-3"
            ],
            "time": "2020-03-23T09:12:05+00:00"
        },
        {
            "name": "squizlabs/php_codesniffer",
            "version": "dev-master",
            "source": {
                "type": "git",
                "url": "https://github.com/squizlabs/PHP_CodeSniffer.git",
                "reference": "1371c59bd5da5cfc877ab8478753362edc9bbc9b"
            },
            "dist": {
                "type": "zip",
                "url": "https://api.github.com/repos/squizlabs/PHP_CodeSniffer/zipball/1371c59bd5da5cfc877ab8478753362edc9bbc9b",
                "reference": "1371c59bd5da5cfc877ab8478753362edc9bbc9b",
                "shasum": ""
            },
            "require": {
                "ext-simplexml": "*",
                "ext-tokenizer": "*",
                "ext-xmlwriter": "*",
                "php": ">=5.4.0"
            },
            "require-dev": {
                "phpunit/phpunit": "^4.0 || ^5.0 || ^6.0 || ^7.0"
            },
            "bin": [
                "bin/phpcs",
                "bin/phpcbf"
            ],
            "type": "library",
            "extra": {
                "branch-alias": {
                    "dev-master": "3.x-dev"
                }
            },
            "notification-url": "https://packagist.org/downloads/",
            "license": [
                "BSD-3-Clause"
            ],
            "authors": [
                {
                    "name": "Greg Sherwood",
                    "role": "lead"
                }
            ],
            "description": "PHP_CodeSniffer tokenizes PHP, JavaScript and CSS files and detects violations of a defined set of coding standards.",
            "homepage": "https://github.com/squizlabs/PHP_CodeSniffer",
            "keywords": [
                "phpcs",
                "standards"
            ],
            "time": "2020-09-02T05:55:26+00:00"
        },
        {
            "name": "symfony/config",
            "version": "dev-master",
            "source": {
                "type": "git",
                "url": "https://github.com/symfony/config.git",
                "reference": "c67f0765f8d7e400d540c998fc291718bf345b67"
            },
            "dist": {
                "type": "zip",
                "url": "https://api.github.com/repos/symfony/config/zipball/c67f0765f8d7e400d540c998fc291718bf345b67",
                "reference": "c67f0765f8d7e400d540c998fc291718bf345b67",
                "shasum": ""
            },
            "require": {
                "php": ">=7.2.5",
                "symfony/deprecation-contracts": "^2.1",
                "symfony/filesystem": "^4.4|^5.0",
                "symfony/polyfill-ctype": "~1.8",
                "symfony/polyfill-php80": "^1.15"
            },
            "conflict": {
                "symfony/finder": "<4.4"
            },
            "require-dev": {
                "symfony/event-dispatcher": "^4.4|^5.0",
                "symfony/finder": "^4.4|^5.0",
                "symfony/messenger": "^4.4|^5.0",
                "symfony/service-contracts": "^1.1|^2",
                "symfony/yaml": "^4.4|^5.0"
            },
            "suggest": {
                "symfony/yaml": "To use the yaml reference dumper"
            },
            "type": "library",
            "extra": {
                "branch-alias": {
                    "dev-master": "5.2-dev"
                }
            },
            "autoload": {
                "psr-4": {
                    "Symfony\\Component\\Config\\": ""
                },
                "exclude-from-classmap": [
                    "/Tests/"
                ]
            },
            "notification-url": "https://packagist.org/downloads/",
            "license": [
                "MIT"
            ],
            "authors": [
                {
                    "name": "Fabien Potencier",
                    "email": "fabien@symfony.com"
                },
                {
                    "name": "Symfony Community",
                    "homepage": "https://symfony.com/contributors"
                }
            ],
            "description": "Symfony Config Component",
            "homepage": "https://symfony.com",
            "funding": [
                {
                    "url": "https://symfony.com/sponsor",
                    "type": "custom"
                },
                {
                    "url": "https://github.com/fabpot",
                    "type": "github"
                },
                {
                    "url": "https://tidelift.com/funding/github/packagist/symfony/symfony",
                    "type": "tidelift"
                }
            ],
            "time": "2020-09-02T16:27:44+00:00"
        },
        {
            "name": "symfony/dependency-injection",
            "version": "dev-master",
            "source": {
                "type": "git",
                "url": "https://github.com/symfony/dependency-injection.git",
                "reference": "6152c7f22d9d2f367534144a75a54e27f51e6f44"
            },
            "dist": {
                "type": "zip",
                "url": "https://api.github.com/repos/symfony/dependency-injection/zipball/6152c7f22d9d2f367534144a75a54e27f51e6f44",
                "reference": "6152c7f22d9d2f367534144a75a54e27f51e6f44",
                "shasum": ""
            },
            "require": {
                "php": ">=7.2.5",
                "psr/container": "^1.0",
                "symfony/deprecation-contracts": "^2.1",
                "symfony/polyfill-php80": "^1.15",
                "symfony/service-contracts": "^1.1.6|^2"
            },
            "conflict": {
                "symfony/config": "<5.1",
                "symfony/finder": "<4.4",
                "symfony/proxy-manager-bridge": "<4.4",
                "symfony/yaml": "<4.4"
            },
            "provide": {
                "psr/container-implementation": "1.0",
                "symfony/service-implementation": "1.0"
            },
            "require-dev": {
                "symfony/config": "^5.1",
                "symfony/expression-language": "^4.4|^5.0",
                "symfony/yaml": "^4.4|^5.0"
            },
            "suggest": {
                "symfony/config": "",
                "symfony/expression-language": "For using expressions in service container configuration",
                "symfony/finder": "For using double-star glob patterns or when GLOB_BRACE portability is required",
                "symfony/proxy-manager-bridge": "Generate service proxies to lazy load them",
                "symfony/yaml": ""
            },
            "type": "library",
            "extra": {
                "branch-alias": {
                    "dev-master": "5.2-dev"
                }
            },
            "autoload": {
                "psr-4": {
                    "Symfony\\Component\\DependencyInjection\\": ""
                },
                "exclude-from-classmap": [
                    "/Tests/"
                ]
            },
            "notification-url": "https://packagist.org/downloads/",
            "license": [
                "MIT"
            ],
            "authors": [
                {
                    "name": "Fabien Potencier",
                    "email": "fabien@symfony.com"
                },
                {
                    "name": "Symfony Community",
                    "homepage": "https://symfony.com/contributors"
                }
            ],
            "description": "Symfony DependencyInjection Component",
            "homepage": "https://symfony.com",
            "funding": [
                {
                    "url": "https://symfony.com/sponsor",
                    "type": "custom"
                },
                {
                    "url": "https://github.com/fabpot",
                    "type": "github"
                },
                {
                    "url": "https://tidelift.com/funding/github/packagist/symfony/symfony",
                    "type": "tidelift"
                }
            ],
            "time": "2020-09-02T16:27:44+00:00"
        },
        {
            "name": "symfony/deprecation-contracts",
            "version": "dev-master",
            "source": {
                "type": "git",
                "url": "https://github.com/symfony/deprecation-contracts.git",
                "reference": "fca64617d7aa49728c9cddb37a8e956df33f08c7"
            },
            "dist": {
                "type": "zip",
                "url": "https://api.github.com/repos/symfony/deprecation-contracts/zipball/fca64617d7aa49728c9cddb37a8e956df33f08c7",
                "reference": "fca64617d7aa49728c9cddb37a8e956df33f08c7",
                "shasum": ""
            },
            "require": {
                "php": ">=7.1"
            },
            "type": "library",
            "extra": {
                "branch-alias": {
                    "dev-master": "2.1-dev"
                },
                "thanks": {
                    "name": "symfony/contracts",
                    "url": "https://github.com/symfony/contracts"
                }
            },
            "autoload": {
                "files": [
                    "function.php"
                ]
            },
            "notification-url": "https://packagist.org/downloads/",
            "license": [
                "MIT"
            ],
            "authors": [
                {
                    "name": "Nicolas Grekas",
                    "email": "p@tchwork.com"
                },
                {
                    "name": "Symfony Community",
                    "homepage": "https://symfony.com/contributors"
                }
            ],
            "description": "A generic function and convention to trigger deprecation notices",
            "homepage": "https://symfony.com",
            "funding": [
                {
                    "url": "https://symfony.com/sponsor",
                    "type": "custom"
                },
                {
                    "url": "https://github.com/fabpot",
                    "type": "github"
                },
                {
                    "url": "https://tidelift.com/funding/github/packagist/symfony/symfony",
                    "type": "tidelift"
                }
            ],
            "time": "2020-09-02T16:27:44+00:00"
        },
        {
            "name": "symfony/filesystem",
            "version": "dev-master",
            "source": {
                "type": "git",
                "url": "https://github.com/symfony/filesystem.git",
                "reference": "73a3c793782c75dce5a2e7e0c533e9199564a7b3"
            },
            "dist": {
                "type": "zip",
                "url": "https://api.github.com/repos/symfony/filesystem/zipball/73a3c793782c75dce5a2e7e0c533e9199564a7b3",
                "reference": "73a3c793782c75dce5a2e7e0c533e9199564a7b3",
                "shasum": ""
            },
            "require": {
                "php": ">=7.2.5",
                "symfony/polyfill-ctype": "~1.8"
            },
            "type": "library",
            "extra": {
                "branch-alias": {
                    "dev-master": "5.2-dev"
                }
            },
            "autoload": {
                "psr-4": {
                    "Symfony\\Component\\Filesystem\\": ""
                },
                "exclude-from-classmap": [
                    "/Tests/"
                ]
            },
            "notification-url": "https://packagist.org/downloads/",
            "license": [
                "MIT"
            ],
            "authors": [
                {
                    "name": "Fabien Potencier",
                    "email": "fabien@symfony.com"
                },
                {
                    "name": "Symfony Community",
                    "homepage": "https://symfony.com/contributors"
                }
            ],
            "description": "Symfony Filesystem Component",
            "homepage": "https://symfony.com",
            "funding": [
                {
                    "url": "https://symfony.com/sponsor",
                    "type": "custom"
                },
                {
                    "url": "https://github.com/fabpot",
                    "type": "github"
                },
                {
                    "url": "https://tidelift.com/funding/github/packagist/symfony/symfony",
                    "type": "tidelift"
                }
            ],
            "time": "2020-09-02T16:27:44+00:00"
        },
        {
            "name": "symfony/polyfill-ctype",
            "version": "dev-master",
            "source": {
                "type": "git",
                "url": "https://github.com/symfony/polyfill-ctype.git",
                "reference": "1c302646f6efc070cd46856e600e5e0684d6b454"
            },
            "dist": {
                "type": "zip",
                "url": "https://api.github.com/repos/symfony/polyfill-ctype/zipball/1c302646f6efc070cd46856e600e5e0684d6b454",
                "reference": "1c302646f6efc070cd46856e600e5e0684d6b454",
                "shasum": ""
            },
            "require": {
                "php": ">=5.3.3"
            },
            "suggest": {
                "ext-ctype": "For best performance"
            },
            "type": "library",
            "extra": {
                "branch-alias": {
                    "dev-master": "1.18-dev"
                },
                "thanks": {
                    "name": "symfony/polyfill",
                    "url": "https://github.com/symfony/polyfill"
                }
            },
            "autoload": {
                "psr-4": {
                    "Symfony\\Polyfill\\Ctype\\": ""
                },
                "files": [
                    "bootstrap.php"
                ]
            },
            "notification-url": "https://packagist.org/downloads/",
            "license": [
                "MIT"
            ],
            "authors": [
                {
                    "name": "Gert de Pagter",
                    "email": "BackEndTea@gmail.com"
                },
                {
                    "name": "Symfony Community",
                    "homepage": "https://symfony.com/contributors"
                }
            ],
            "description": "Symfony polyfill for ctype functions",
            "homepage": "https://symfony.com",
            "keywords": [
                "compatibility",
                "ctype",
                "polyfill",
                "portable"
            ],
            "funding": [
                {
                    "url": "https://symfony.com/sponsor",
                    "type": "custom"
                },
                {
                    "url": "https://github.com/fabpot",
                    "type": "github"
                },
                {
                    "url": "https://tidelift.com/funding/github/packagist/symfony/symfony",
                    "type": "tidelift"
                }
            ],
            "time": "2020-07-14T12:35:20+00:00"
        },
        {
            "name": "symfony/polyfill-php80",
            "version": "dev-master",
            "source": {
                "type": "git",
                "url": "https://github.com/symfony/polyfill-php80.git",
                "reference": "d87d5766cbf48d72388a9f6b85f280c8ad51f981"
            },
            "dist": {
                "type": "zip",
                "url": "https://api.github.com/repos/symfony/polyfill-php80/zipball/d87d5766cbf48d72388a9f6b85f280c8ad51f981",
                "reference": "d87d5766cbf48d72388a9f6b85f280c8ad51f981",
                "shasum": ""
            },
            "require": {
                "php": ">=7.0.8"
            },
            "type": "library",
            "extra": {
                "branch-alias": {
                    "dev-master": "1.18-dev"
                },
                "thanks": {
                    "name": "symfony/polyfill",
                    "url": "https://github.com/symfony/polyfill"
                }
            },
            "autoload": {
                "psr-4": {
                    "Symfony\\Polyfill\\Php80\\": ""
                },
                "files": [
                    "bootstrap.php"
                ],
                "classmap": [
                    "Resources/stubs"
                ]
            },
            "notification-url": "https://packagist.org/downloads/",
            "license": [
                "MIT"
            ],
            "authors": [
                {
                    "name": "Ion Bazan",
                    "email": "ion.bazan@gmail.com"
                },
                {
                    "name": "Nicolas Grekas",
                    "email": "p@tchwork.com"
                },
                {
                    "name": "Symfony Community",
                    "homepage": "https://symfony.com/contributors"
                }
            ],
            "description": "Symfony polyfill backporting some PHP 8.0+ features to lower PHP versions",
            "homepage": "https://symfony.com",
            "keywords": [
                "compatibility",
                "polyfill",
                "portable",
                "shim"
            ],
            "funding": [
                {
                    "url": "https://symfony.com/sponsor",
                    "type": "custom"
                },
                {
                    "url": "https://github.com/fabpot",
                    "type": "github"
                },
                {
                    "url": "https://tidelift.com/funding/github/packagist/symfony/symfony",
                    "type": "tidelift"
                }
            ],
            "time": "2020-07-14T12:35:20+00:00"
        },
        {
            "name": "symfony/service-contracts",
            "version": "dev-master",
            "source": {
                "type": "git",
                "url": "https://github.com/symfony/service-contracts.git",
                "reference": "58c7475e5457c5492c26cc740cc0ad7464be9442"
            },
            "dist": {
                "type": "zip",
                "url": "https://api.github.com/repos/symfony/service-contracts/zipball/58c7475e5457c5492c26cc740cc0ad7464be9442",
                "reference": "58c7475e5457c5492c26cc740cc0ad7464be9442",
                "shasum": ""
            },
            "require": {
                "php": ">=7.2.5",
                "psr/container": "^1.0"
            },
            "suggest": {
                "symfony/service-implementation": ""
            },
            "type": "library",
            "extra": {
                "branch-alias": {
                    "dev-master": "2.1-dev"
                },
                "thanks": {
                    "name": "symfony/contracts",
                    "url": "https://github.com/symfony/contracts"
                }
            },
            "autoload": {
                "psr-4": {
                    "Symfony\\Contracts\\Service\\": ""
                }
            },
            "notification-url": "https://packagist.org/downloads/",
            "license": [
                "MIT"
            ],
            "authors": [
                {
                    "name": "Nicolas Grekas",
                    "email": "p@tchwork.com"
                },
                {
                    "name": "Symfony Community",
                    "homepage": "https://symfony.com/contributors"
                }
            ],
            "description": "Generic abstractions related to writing services",
            "homepage": "https://symfony.com",
            "keywords": [
                "abstractions",
                "contracts",
                "decoupling",
                "interfaces",
                "interoperability",
                "standards"
            ],
            "funding": [
                {
                    "url": "https://symfony.com/sponsor",
                    "type": "custom"
                },
                {
                    "url": "https://github.com/fabpot",
                    "type": "github"
                },
                {
                    "url": "https://tidelift.com/funding/github/packagist/symfony/symfony",
                    "type": "tidelift"
                }
            ],
            "time": "2020-07-06T13:23:11+00:00"
        },
        {
            "name": "wp-coding-standards/wpcs",
            "version": "2.3.0",
            "source": {
                "type": "git",
                "url": "https://github.com/WordPress/WordPress-Coding-Standards.git",
                "reference": "7da1894633f168fe244afc6de00d141f27517b62"
            },
            "dist": {
                "type": "zip",
                "url": "https://api.github.com/repos/WordPress/WordPress-Coding-Standards/zipball/7da1894633f168fe244afc6de00d141f27517b62",
                "reference": "7da1894633f168fe244afc6de00d141f27517b62",
                "shasum": ""
            },
            "require": {
                "php": ">=5.4",
                "squizlabs/php_codesniffer": "^3.3.1"
            },
            "require-dev": {
                "dealerdirect/phpcodesniffer-composer-installer": "^0.5 || ^0.6",
                "phpcompatibility/php-compatibility": "^9.0",
                "phpcsstandards/phpcsdevtools": "^1.0",
                "phpunit/phpunit": "^4.0 || ^5.0 || ^6.0 || ^7.0"
            },
            "suggest": {
                "dealerdirect/phpcodesniffer-composer-installer": "^0.6 || This Composer plugin will sort out the PHPCS 'installed_paths' automatically."
            },
            "type": "phpcodesniffer-standard",
            "notification-url": "https://packagist.org/downloads/",
            "license": [
                "MIT"
            ],
            "authors": [
                {
                    "name": "Contributors",
                    "homepage": "https://github.com/WordPress/WordPress-Coding-Standards/graphs/contributors"
                }
            ],
            "description": "PHP_CodeSniffer rules (sniffs) to enforce WordPress coding conventions",
            "keywords": [
                "phpcs",
                "standards",
                "wordpress"
            ],
            "time": "2020-05-13T23:57:56+00:00"
        }
    ],
    "aliases": [],
    "minimum-stability": "dev",
    "stability-flags": {
        "lifterlms/lifterlms-cs": 20
    },
    "prefer-stable": false,
    "prefer-lowest": false,
    "platform": [],
    "platform-dev": [],
    "plugin-api-version": "1.1.0"
}
